speakeasyVersion: 1.709.4
sources:
    Self Service API:
        sourceNamespace: self-service-api
        sourceRevisionDigest: sha256:47afbdb288cfd55a19d4ba2d9db76dfffbf5ff2a816273da446100b645b47913
        sourceBlobDigest: sha256:ad45de33aa3c4764e0b9919b6c7d27067d171bd9f095896a95555a2cd9198de7
        tags:
            - latest
            - v2
targets:
    crm:
        source: Self Service API
        sourceNamespace: self-service-api
        sourceRevisionDigest: sha256:47afbdb288cfd55a19d4ba2d9db76dfffbf5ff2a816273da446100b645b47913
        sourceBlobDigest: sha256:ad45de33aa3c4764e0b9919b6c7d27067d171bd9f095896a95555a2cd9198de7
        codeSamplesNamespace: self-service-api-typescript-code-samples
        codeSamplesRevisionDigest: sha256:ac7098128a9b6efb6b26ab56d8929b026105145d8f148684cb39076122288454
workflow:
    workflowVersion: 1.0.0
    speakeasyVersion: latest
    sources:
        Self Service API:
            inputs:
                - location: ..\Downloads\selfservice.json
            output: .speakeasy/out.openapi.yaml
            registry:
                location: registry.speakeasyapi.dev/marios/self-service/self-service-api
    targets:
        crm:
            target: typescript
            source: Self Service API
            publish:
                npm:
                    token: $npm_token
            codeSamples:
                registry:
                    location: registry.speakeasyapi.dev/marios/self-service/self-service-api-typescript-code-samples
                labelOverride:
                    fixedValue: Typescript (SDK)
                blocking: false
