speakeasyVersion: 1.723.0
sources:
    Self Service API:
        sourceNamespace: self-service-api
        sourceRevisionDigest: sha256:e92cbeb65819687ca763ddeab58b64ed0089b21b895451c5b75991b4975011d1
        sourceBlobDigest: sha256:141d417cbe81fd0b528b3ec25c6f0a75da88b9df5e3749cf0673dc5e58d55fd9
        tags:
            - latest
            - speakeasy-sdk-regen-1770805061
            - v2
targets:
    crm:
        source: Self Service API
        sourceNamespace: self-service-api
        sourceRevisionDigest: sha256:e92cbeb65819687ca763ddeab58b64ed0089b21b895451c5b75991b4975011d1
        sourceBlobDigest: sha256:141d417cbe81fd0b528b3ec25c6f0a75da88b9df5e3749cf0673dc5e58d55fd9
        codeSamplesNamespace: self-service-api-typescript-code-samples
        codeSamplesRevisionDigest: sha256:58c167a297bac15c09d9f22c7edaa12fd2cee59906c41a575c322e527f01ad93
workflow:
    workflowVersion: 1.0.0
    speakeasyVersion: latest
    sources:
        Self Service API:
            inputs:
                - location: ./selfservice.json
            output: .speakeasy/out.openapi.yaml
            registry:
                location: registry.speakeasyapi.dev/marios/self-service/self-service-api
    targets:
        crm:
            target: typescript
            source: Self Service API
            publish:
                npm:
                    token: $npm_token
            codeSamples:
                registry:
                    location: registry.speakeasyapi.dev/marios/self-service/self-service-api-typescript-code-samples
                labelOverride:
                    fixedValue: Typescript (SDK)
                blocking: false
